// !$*UTF8*$!
{
	archiveVersion = 1;
	classes = {
	};
	objectVersion = 51;
	objects = {

/* Begin PBXBuildFile section */
		22A8988225EB7A5E00F0C746 /* AppDelegate.swift in Sources */ = {isa = PBXBuildFile; fileRef = 22A8988125EB7A5E00F0C746 /* AppDelegate.swift */; };
		22A8988425EB7A5E00F0C746 /* SceneDelegate.swift in Sources */ = {isa = PBXBuildFile; fileRef = 22A8988325EB7A5E00F0C746 /* SceneDelegate.swift */; };
		22A8988B25EB7A6000F0C746 /* Assets.xcassets in Resources */ = {isa = PBXBuildFile; fileRef = 22A8988A25EB7A6000F0C746 /* Assets.xcassets */; };
		22A8988E25EB7A6000F0C746 /* LaunchScreen.storyboard in Resources */ = {isa = PBXBuildFile; fileRef = 22A8988C25EB7A6000F0C746 /* LaunchScreen.storyboard */; };
		22A898A325EB7BCA00F0C746 /* MovieDetails.swift in Sources */ = {isa = PBXBuildFile; fileRef = 22A898A125EB7BCA00F0C746 /* MovieDetails.swift */; };
		22A898A425EB7BCA00F0C746 /* MovieList.swift in Sources */ = {isa = PBXBuildFile; fileRef = 22A898A225EB7BCA00F0C746 /* MovieList.swift */; };
		22A898A925EB7BE200F0C746 /* OMDbRouter.swift in Sources */ = {isa = PBXBuildFile; fileRef = 22A898A725EB7BE200F0C746 /* OMDbRouter.swift */; };
		22A898AA25EB7BE200F0C746 /* OMDbService.swift in Sources */ = {isa = PBXBuildFile; fileRef = 22A898A825EB7BE200F0C746 /* OMDbService.swift */; };
		22A898AE25EB7C7D00F0C746 /* MoviesListViewController.swift in Sources */ = {isa = PBXBuildFile; fileRef = 22A898AD25EB7C7D00F0C746 /* MoviesListViewController.swift */; };
		433208BF2682D97DE3585C3C /* Pods_OMDbApp.framework in Frameworks */ = {isa = PBXBuildFile; fileRef = 4FCEE33514F1C9CA9724A3AC /* Pods_OMDbApp.framework */; };
/* End PBXBuildFile section */

/* Begin PBXFileReference section */
		11CF8006AD3B6ABC8C3C025A /* Pods-OMDbApp.debug.xcconfig */ = {isa = PBXFileReference; includeInIndex = 1; lastKnownFileType = text.xcconfig; name = "Pods-OMDbApp.debug.xcconfig"; path = "Target Support Files/Pods-OMDbApp/Pods-OMDbApp.debug.xcconfig"; sourceTree = "<group>"; };
		22A8987E25EB7A5E00F0C746 /* OMDbApp.app */ = {isa = PBXFileReference; explicitFileType = wrapper.application; includeInIndex = 0; path = OMDbApp.app; sourceTree = BUILT_PRODUCTS_DIR; };
		22A8988125EB7A5E00F0C746 /* AppDelegate.swift */ = {isa = PBXFileReference; lastKnownFileType = sourcecode.swift; path = AppDelegate.swift; sourceTree = "<group>"; };
		22A8988325EB7A5E00F0C746 /* SceneDelegate.swift */ = {isa = PBXFileReference; lastKnownFileType = sourcecode.swift; path = SceneDelegate.swift; sourceTree = "<group>"; };
		22A8988A25EB7A6000F0C746 /* Assets.xcassets */ = {isa = PBXFileReference; lastKnownFileType = folder.assetcatalog; path = Assets.xcassets; sourceTree = "<group>"; };
		22A8988D25EB7A6000F0C746 /* Base */ = {isa = PBXFileReference; lastKnownFileType = file.storyboard; name = Base; path = Base.lproj/LaunchScreen.storyboard; sourceTree = "<group>"; };
		22A8988F25EB7A6000F0C746 /* Info.plist */ = {isa = PBXFileReference; lastKnownFileType = text.plist.xml; path = Info.plist; sourceTree = "<group>"; };
		22A898A125EB7BCA00F0C746 /* MovieDetails.swift */ = {isa = PBXFileReference; fileEncoding = 4; lastKnownFileType = sourcecode.swift; path = MovieDetails.swift; sourceTree = "<group>"; };
		22A898A225EB7BCA00F0C746 /* MovieList.swift */ = {isa = PBXFileReference; fileEncoding = 4; lastKnownFileType = sourcecode.swift; path = MovieList.swift; sourceTree = "<group>"; };
		22A898A725EB7BE200F0C746 /* OMDbRouter.swift */ = {isa = PBXFileReference; fileEncoding = 4; lastKnownFileType = sourcecode.swift; path = OMDbRouter.swift; sourceTree = "<group>"; };
		22A898A825EB7BE200F0C746 /* OMDbService.swift */ = {isa = PBXFileReference; fileEncoding = 4; lastKnownFileType = sourcecode.swift; path = OMDbService.swift; sourceTree = "<group>"; };
		22A898AD25EB7C7D00F0C746 /* MoviesListViewController.swift */ = {isa = PBXFileReference; lastKnownFileType = sourcecode.swift; path = MoviesListViewController.swift; sourceTree = "<group>"; };
		4FCEE33514F1C9CA9724A3AC /* Pods_OMDbApp.framework */ = {isa = PBXFileReference; explicitFileType = wrapper.framework; includeInIndex = 0; path = Pods_OMDbApp.framework; sourceTree = BUILT_PRODUCTS_DIR; };
		DA449FDD160A607B50A017F0 /* Pods-OMDbApp.release.xcconfig */ = {isa = PBXFileReference; includeInIndex = 1; lastKnownFileType = text.xcconfig; name = "Pods-OMDbApp.release.xcconfig"; path = "Target Support Files/Pods-OMDbApp/Pods-OMDbApp.release.xcconfig"; sourceTree = "<group>"; };
/* End PBXFileReference section */

/* Begin PBXFrameworksBuildPhase section */
		22A8987B25EB7A5E00F0C746 /* Frameworks */ = {
			isa = PBXFrameworksBuildPhase;
			buildActionMask = 2147483647;
			files = (
				433208BF2682D97DE3585C3C /* Pods_OMDbApp.framework in Frameworks */,
			);
			runOnlyForDeploymentPostprocessing = 0;
		};
/* End PBXFrameworksBuildPhase section */

/* Begin PBXGroup section */
		06EA65D20DE22FBC25FF358A /* Frameworks */ = {
			isa = PBXGroup;
			children = (
				4FCEE33514F1C9CA9724A3AC /* Pods_OMDbApp.framework */,
			);
			name = Frameworks;
			sourceTree = "<group>";
		};
		22A8987525EB7A5E00F0C746 = {
			isa = PBXGroup;
			children = (
				22A8988025EB7A5E00F0C746 /* OMDbApp */,
				22A8987F25EB7A5E00F0C746 /* Products */,
				F200036280F5C21FD86D4DD5 /* Pods */,
				06EA65D20DE22FBC25FF358A /* Frameworks */,
			);
			sourceTree = "<group>";
		};
		22A8987F25EB7A5E00F0C746 /* Products */ = {
			isa = PBXGroup;
			children = (
				22A8987E25EB7A5E00F0C746 /* OMDbApp.app */,
			);
			name = Products;
			sourceTree = "<group>";
		};
		22A8988025EB7A5E00F0C746 /* OMDbApp */ = {
			isa = PBXGroup;
			children = (
				22A898AC25EB7C5700F0C746 /* MovieList */,
				22A898A025EB7BCA00F0C746 /* Data Entities */,
				22A898A625EB7BE200F0C746 /* Services */,
				22A8988125EB7A5E00F0C746 /* AppDelegate.swift */,
				22A8988325EB7A5E00F0C746 /* SceneDelegate.swift */,
				22A8988A25EB7A6000F0C746 /* Assets.xcassets */,
				22A8988C25EB7A6000F0C746 /* LaunchScreen.storyboard */,
				22A8988F25EB7A6000F0C746 /* Info.plist */,
			);
			path = OMDbApp;
			sourceTree = "<group>";
		};
		22A898A025EB7BCA00F0C746 /* Data Entities */ = {
			isa = PBXGroup;
			children = (
				22A898A125EB7BCA00F0C746 /* MovieDetails.swift */,
				22A898A225EB7BCA00F0C746 /* MovieList.swift */,
			);
			path = "Data Entities";
			sourceTree = "<group>";
		};
		22A898A625EB7BE200F0C746 /* Services */ = {
			isa = PBXGroup;
			children = (
				22A898A725EB7BE200F0C746 /* OMDbRouter.swift */,
				22A898A825EB7BE200F0C746 /* OMDbService.swift */,
			);
			path = Services;
			sourceTree = "<group>";
		};
		22A898AC25EB7C5700F0C746 /* MovieList */ = {
			isa = PBXGroup;
			children = (
				22A898AD25EB7C7D00F0C746 /* MoviesListViewController.swift */,
			);
			path = MovieList;
			sourceTree = "<group>";
		};
		F200036280F5C21FD86D4DD5 /* Pods */ = {
			isa = PBXGroup;
			children = (
				11CF8006AD3B6ABC8C3C025A /* Pods-OMDbApp.debug.xcconfig */,
				DA449FDD160A607B50A017F0 /* Pods-OMDbApp.release.xcconfig */,
			);
			path = Pods;
			sourceTree = "<group>";
		};
/* End PBXGroup section */

/* Begin PBXNativeTarget section */
		22A8987D25EB7A5E00F0C746 /* OMDbApp */ = {
			isa = PBXNativeTarget;
			buildConfigurationList = 22A8989225EB7A6000F0C746 /* Build configuration list for PBXNativeTarget "OMDbApp" */;
			buildPhases = (
				BAEBCD333E9AB28B9A7E19BE /* [CP] Check Pods Manifest.lock */,
				22A8987A25EB7A5E00F0C746 /* Sources */,
				22A8987B25EB7A5E00F0C746 /* Frameworks */,
				22A8987C25EB7A5E00F0C746 /* Resources */,
				34B394662190ABBF16C7AEC7 /* [CP] Embed Pods Frameworks */,
			);
			buildRules = (
			);
			dependencies = (
			);
			name = OMDbApp;
			productName = OMDbApp;
			productReference = 22A8987E25EB7A5E00F0C746 /* OMDbApp.app */;
			productType = "com.apple.product-type.application";
		};
/* End PBXNativeTarget section */

/* Begin PBXProject section */
		22A8987625EB7A5E00F0C746 /* Project object */ = {
			isa = PBXProject;
			attributes = {
				LastSwiftUpdateCheck = 1230;
				LastUpgradeCheck = 1230;
				TargetAttributes = {
					22A8987D25EB7A5E00F0C746 = {
						CreatedOnToolsVersion = 12.3;
					};
				};
			};
			buildConfigurationList = 22A8987925EB7A5E00F0C746 /* Build configuration list for PBXProject "OMDbApp" */;
			compatibilityVersion = "Xcode 9.3";
			developmentRegion = en;
			hasScannedForEncodings = 0;
			knownRegions = (
				en,
				Base,
			);
			mainGroup = 22A8987525EB7A5E00F0C746;
			productRefGroup = 22A8987F25EB7A5E00F0C746 /* Products */;
			projectDirPath = "";
			projectRoot = "";
			targets = (
				22A8987D25EB7A5E00F0C746 /* OMDbApp */,
			);
		};
/* End PBXProject section */

/* Begin PBXResourcesBuildPhase section */
		22A8987C25EB7A5E00F0C746 /* Resources */ = {
			isa = PBXResourcesBuildPhase;
			buildActionMask = 2147483647;
			files = (
				22A8988E25EB7A6000F0C746 /* LaunchScreen.storyboard in Resources */,
				22A8988B25EB7A6000F0C746 /* Assets.xcassets in Resources */,
			);
			runOnlyForDeploymentPostprocessing = 0;
		};
/* End PBXResourcesBuildPhase section */

/* Begin PBXShellScriptBuildPhase section */
		34B394662190ABBF16C7AEC7 /* [CP] Embed Pods Frameworks */ = {
			isa = PBXShellScriptBuildPhase;
			buildActionMask = 2147483647;
			files = (
			);
			inputFileListPaths = (
				"${PODS_ROOT}/Target Support Files/Pods-OMDbApp/Pods-OMDbApp-frameworks-${CONFIGURATION}-input-files.xcfilelist",
			);
			name = "[CP] Embed Pods Frameworks";
			outputFileListPaths = (
				"${PODS_ROOT}/Target Support Files/Pods-OMDbApp/Pods-OMDbApp-frameworks-${CONFIGURATION}-output-files.xcfilelist",
			);
			runOnlyForDeploymentPostprocessing = 0;
			shellPath = /bin/sh;
			shellScript = "\"${PODS_ROOT}/Target Support Files/Pods-OMDbApp/Pods-OMDbApp-frameworks.sh\"\n";
			showEnvVarsInLog = 0;
		};
		BAEBCD333E9AB28B9A7E19BE /* [CP] Check Pods Manifest.lock */ = {
			isa = PBXShellScriptBuildPhase;
			buildActionMask = 2147483647;
			files = (
			);
			inputFileListPaths = (
			);
			inputPaths = (
				"${PODS_PODFILE_DIR_PATH}/Podfile.lock",
				"${PODS_ROOT}/Manifest.lock",
			);
			name = "[CP] Check Pods Manifest.lock";
			outputFileListPaths = (
			);
			outputPaths = (
				"$(DERIVED_FILE_DIR)/Pods-OMDbApp-checkManifestLockResult.txt",
			);
			runOnlyForDeploymentPostprocessing = 0;
			shellPath = /bin/sh;
			shellScript = "diff \"${PODS_PODFILE_DIR_PATH}/Podfile.lock\" \"${PODS_ROOT}/Manifest.lock\" > /dev/null\nif [ $? != 0 ] ; then\n    # print error to STDERR\n    echo \"error: The sandbox is not in sync with the Podfile.lock. Run 'pod install' or update your CocoaPods installation.\" >&2\n    exit 1\nfi\n# This output is used by Xcode 'outputs' to avoid re-running this script phase.\necho \"SUCCESS\" > \"${SCRIPT_OUTPUT_FILE_0}\"\n";
			showEnvVarsInLog = 0;
		};
/* End PBXShellScriptBuildPhase section */

/* Begin PBXSourcesBuildPhase section */
		22A8987A25EB7A5E00F0C746 /* Sources */ = {
			isa = PBXSourcesBuildPhase;
			buildActionMask = 2147483647;
			files = (
				22A898A925EB7BE200F0C746 /* OMDbRouter.swift in Sources */,
				22A8988225EB7A5E00F0C746 /* AppDelegate.swift in Sources */,
				22A898AA25EB7BE200F0C746 /* OMDbService.swift in Sources */,
				22A8988425EB7A5E00F0C746 /* SceneDelegate.swift in Sources */,
				22A898A425EB7BCA00F0C746 /* MovieList.swift in Sources */,
				22A898A325EB7BCA00F0C746 /* MovieDetails.swift in Sources */,
				22A898AE25EB7C7D00F0C746 /* MoviesListViewController.swift in Sources */,
			);
			runOnlyForDeploymentPostprocessing = 0;
		};
/* End PBXSourcesBuildPhase section */

/* Begin PBXVariantGroup section */
		22A8988C25EB7A6000F0C746 /* LaunchScreen.storyboard */ = {
			isa = PBXVariantGroup;
			children = (
				22A8988D25EB7A6000F0C746 /* Base */,
			);
			name = LaunchScreen.storyboard;
			sourceTree = "<group>";
		};
/* End PBXVariantGroup section */

/* Begin XCBuildConfiguration section */
		22A8989025EB7A6000F0C746 /* Debug */ = {
			isa = XCBuildConfiguration;
			buildSettings = {
				ALWAYS_SEARCH_USER_PATHS = NO;
				CLANG_ANALYZER_NONNULL = YES;
				CLANG_ANALYZER_NUMBER_OBJECT_CONVERSION = YES_AGGRESSIVE;
				CLANG_CXX_LANGUAGE_STANDARD = "gnu++14";
				CLANG_CXX_LIBRARY = "libc++";
				CLANG_ENABLE_MODULES = YES;
				CLANG_ENABLE_OBJC_ARC = YES;
				CLANG_ENABLE_OBJC_WEAK = YES;
				CLANG_WARN_BLOCK_CAPTURE_AUTORELEASING = YES;
				CLANG_WARN_BOOL_CONVERSION = YES;
				CLANG_WARN_COMMA = YES;
				CLANG_WARN_CONSTANT_CONVERSION = YES;
				CLANG_WARN_DEPRECATED_OBJC_IMPLEMENTATIONS = YES;
				CLANG_WARN_DIRECT_OBJC_ISA_USAGE = YES_ERROR;
				CLANG_WARN_DOCUMENTATION_COMMENTS = YES;
				CLANG_WARN_EMPTY_BODY = YES;
				CLANG_WARN_ENUM_CONVERSION = YES;
				CLANG_WARN_INFINITE_RECURSION = YES;
				CLANG_WARN_INT_CONVERSION = YES;
				CLANG_WARN_NON_LITERAL_NULL_CONVERSION = YES;
				CLANG_WARN_OBJC_IMPLICIT_RETAIN_SELF = YES;
				CLANG_WARN_OBJC_LITERAL_CONVERSION = YES;
				CLANG_WARN_OBJC_ROOT_CLASS = YES_ERROR;
				CLANG_WARN_QUOTED_INCLUDE_IN_FRAMEWORK_HEADER = YES;
				CLANG_WARN_RANGE_LOOP_ANALYSIS = YES;
				CLANG_WARN_STRICT_PROTOTYPES = YES;
				CLANG_WARN_SUSPICIOUS_MOVE = YES;
				CLANG_WARN_UNGUARDED_AVAILABILITY = YES_AGGRESSIVE;
				CLANG_WARN_UNREACHABLE_CODE = YES;
				CLANG_WARN__DUPLICATE_METHOD_MATCH = YES;
				COPY_PHASE_STRIP = NO;
				DEBUG_INFORMATION_FORMAT = dwarf;
				ENABLE_STRICT_OBJC_MSGSEND = YES;
				ENABLE_TESTABILITY = YES;
				GCC_C_LANGUAGE_STANDARD = gnu11;
				GCC_DYNAMIC_NO_PIC = NO;
				GCC_NO_COMMON_BLOCKS = YES;
				GCC_OPTIMIZATION_LEVEL = 0;
				GCC_PREPROCESSOR_DEFINITIONS = (
					"DEBUG=1",
					"$(inherited)",
				);
				GCC_WARN_64_TO_32_BIT_CONVERSION = YES;
				GCC_WARN_ABOUT_RETURN_TYPE = YES_ERROR;
				GCC_WARN_UNDECLARED_SELECTOR = YES;
				GCC_WARN_UNINITIALIZED_AUTOS = YES_AGGRESSIVE;
				GCC_WARN_UNUSED_FUNCTION = YES;
				GCC_WARN_UNUSED_VARIABLE = YES;
				IPHONEOS_DEPLOYMENT_TARGET = 14.3;
				MTL_ENABLE_DEBUG_INFO = INCLUDE_SOURCE;
				MTL_FAST_MATH = YES;
				ONLY_ACTIVE_ARCH = YES;
				SDKROOT = iphoneos;
				SWIFT_ACTIVE_COMPILATION_CONDITIONS = DEBUG;
				SWIFT_OPTIMIZATION_LEVEL = "-Onone";
			};
			name = Debug;
		};
		22A8989125EB7A6000F0C746 /* Release */ = {
			isa = XCBuildConfiguration;
			buildSettings = {
				ALWAYS_SEARCH_USER_PATHS = NO;
				CLANG_ANALYZER_NONNULL = YES;
				CLANG_ANALYZER_NUMBER_OBJECT_CONVERSION = YES_AGGRESSIVE;
				CLANG_CXX_LANGUAGE_STANDARD = "gnu++14";
				CLANG_CXX_LIBRARY = "libc++";
				CLANG_ENABLE_MODULES = YES;
				CLANG_ENABLE_OBJC_ARC = YES;
				CLANG_ENABLE_OBJC_WEAK = YES;
				CLANG_WARN_BLOCK_CAPTURE_AUTORELEASING = YES;
				CLANG_WARN_BOOL_CONVERSION = YES;
				CLANG_WARN_COMMA = YES;
				CLANG_WARN_CONSTANT_CONVERSION = YES;
				CLANG_WARN_DEPRECATED_OBJC_IMPLEMENTATIONS = YES;
				CLANG_WARN_DIRECT_OBJC_ISA_USAGE = YES_ERROR;
				CLANG_WARN_DOCUMENTATION_COMMENTS = YES;
				CLANG_WARN_EMPTY_BODY = YES;
				CLANG_WARN_ENUM_CONVERSION = YES;
				CLANG_WARN_INFINITE_RECURSION = YES;
				CLANG_WARN_INT_CONVERSION = YES;
				CLANG_WARN_NON_LITERAL_NULL_CONVERSION = YES;
				CLANG_WARN_OBJC_IMPLICIT_RETAIN_SELF = YES;
				CLANG_WARN_OBJC_LITERAL_CONVERSION = YES;
				CLANG_WARN_OBJC_ROOT_CLASS = YES_ERROR;
				CLANG_WARN_QUOTED_INCLUDE_IN_FRAMEWORK_HEADER = YES;
				CLANG_WARN_RANGE_LOOP_ANALYSIS = YES;
				CLANG_WARN_STRICT_PROTOTYPES = YES;
				CLANG_WARN_SUSPICIOUS_MOVE = YES;
				CLANG_WARN_UNGUARDED_AVAILABILITY = YES_AGGRESSIVE;
				CLANG_WARN_UNREACHABLE_CODE = YES;
				CLANG_WARN__DUPLICATE_METHOD_MATCH = YES;
				COPY_PHASE_STRIP = NO;
				DEBUG_INFORMATION_FORMAT = "dwarf-with-dsym";
				ENABLE_NS_ASSERTIONS = NO;
				ENABLE_STRICT_OBJC_MSGSEND = YES;
				GCC_C_LANGUAGE_STANDARD = gnu11;
				GCC_NO_COMMON_BLOCKS = YES;
				GCC_WARN_64_TO_32_BIT_CONVERSION = YES;
				GCC_WARN_ABOUT_RETURN_TYPE = YES_ERROR;
				GCC_WARN_UNDECLARED_SELECTOR = YES;
				GCC_WARN_UNINITIALIZED_AUTOS = YES_AGGRESSIVE;
				GCC_WARN_UNUSED_FUNCTION = YES;
				GCC_WARN_UNUSED_VARIABLE = YES;
				IPHONEOS_DEPLOYMENT_TARGET = 14.3;
				MTL_ENABLE_DEBUG_INFO = NO;
				MTL_FAST_MATH = YES;
				SDKROOT = iphoneos;
				SWIFT_COMPILATION_MODE = wholemodule;
				SWIFT_OPTIMIZATION_LEVEL = "-O";
				VALIDATE_PRODUCT = YES;
			};
			name = Release;
		};
		22A8989325EB7A6000F0C746 /* Debug */ = {
			isa = XCBuildConfiguration;
			baseConfigurationReference = 11CF8006AD3B6ABC8C3C025A /* Pods-OMDbApp.debug.xcconfig */;
			buildSettings = {
				ASSETCATALOG_COMPILER_APPICON_NAME = AppIcon;
				ASSETCATALOG_COMPILER_GLOBAL_ACCENT_COLOR_NAME = AccentColor;
				CODE_SIGN_STYLE = Automatic;
				DEVELOPMENT_TEAM = LC3DP6TN92;
				INFOPLIST_FILE = OMDbApp/Info.plist;
				LD_RUNPATH_SEARCH_PATHS = (
					"$(inherited)",
					"@executable_path/Frameworks",
				);
				PRODUCT_BUNDLE_IDENTIFIER = com.imikolaj.omdbapp.OMDbApp;
				PRODUCT_NAME = "$(TARGET_NAME)";
				SWIFT_VERSION = 5.0;
				TARGETED_DEVICE_FAMILY = "1,2";
			};
			name = Debug;
		};
		22A8989425EB7A6000F0C746 /* Release */ = {
			isa = XCBuildConfiguration;
			baseConfigurationReference = DA449FDD160A607B50A017F0 /* Pods-OMDbApp.release.xcconfig */;
			buildSettings = {
				ASSETCATALOG_COMPILER_APPICON_NAME = AppIcon;
				ASSETCATALOG_COMPILER_GLOBAL_ACCENT_COLOR_NAME = AccentColor;
				CODE_SIGN_STYLE = Automatic;
				DEVELOPMENT_TEAM = LC3DP6TN92;
				INFOPLIST_FILE = OMDbApp/Info.plist;
				LD_RUNPATH_SEARCH_PATHS = (
					"$(inherited)",
					"@executable_path/Frameworks",
				);
				PRODUCT_BUNDLE_IDENTIFIER = com.imikolaj.omdbapp.OMDbApp;
				PRODUCT_NAME = "$(TARGET_NAME)";
				SWIFT_VERSION = 5.0;
				TARGETED_DEVICE_FAMILY = "1,2";
			};
			name = Release;
		};
/* End XCBuildConfiguration section */

/* Begin XCConfigurationList section */
		22A8987925EB7A5E00F0C746 /* Build configuration list for PBXProject "OMDbApp" */ = {
			isa = XCConfigurationList;
			buildConfigurations = (
				22A8989025EB7A6000F0C746 /* Debug */,
				22A8989125EB7A6000F0C746 /* Release */,
			);
			defaultConfigurationIsVisible = 0;
			defaultConfigurationName = Release;
		};
		22A8989225EB7A6000F0C746 /* Build configuration list for PBXNativeTarget "OMDbApp" */ = {
			isa = XCConfigurationList;
			buildConfigurations = (
				22A8989325EB7A6000F0C746 /* Debug */,
				22A8989425EB7A6000F0C746 /* Release */,
			);
			defaultConfigurationIsVisible = 0;
			defaultConfigurationName = Release;
		};
/* End XCConfigurationList section */
	};
	rootObject = 22A8987625EB7A5E00F0C746 /* Project object */;
}
